
Microsoft Visual Studio Solution File, Format Version 12.00
# Visual Studio Version 16
VisualStudioVersion = 16.0.29319.158
MinimumVisualStudioVersion = 10.0.40219.1
Project("{9A19103F-16F7-4668-BE54-9A1E7A4F7556}") = "KeySmith", "KeySmith\KeySmith.csproj", "{140CCD48-8461-463F-9BA9-001D79AA5E05}"
EndProject
Project("{9A19103F-16F7-4668-BE54-9A1E7A4F7556}") = "KeySmith.Tests", "KeySmith.Tests\KeySmith.Tests.csproj", "{C17010DE-6908-4AFE-B222-3792F03BEA29}"
EndProject
Project("{FAE04EC0-301F-11D3-BF4B-00C04F79EFBC}") = "Benchmarks", "Benchmarks\Benchmarks.csproj", "{ACF895AD-5397-4B73-83F3-05F07BEDB04A}"
EndProject
Global
	GlobalSection(SolutionConfigurationPlatforms) = preSolution
		Debug|Any CPU = Debug|Any CPU
		Release|Any CPU = Release|Any CPU
	EndGlobalSection
	GlobalSection(ProjectConfigurationPlatforms) = postSolution
		{140CCD48-8461-463F-9BA9-001D79AA5E05}.Debug|Any CPU.ActiveCfg = Debug|Any CPU
		{140CCD48-8461-463F-9BA9-001D79AA5E05}.Debug|Any CPU.Build.0 = Debug|Any CPU
		{140CCD48-8461-463F-9BA9-001D79AA5E05}.Release|Any CPU.ActiveCfg = Release|Any CPU
		{140CCD48-8461-463F-9BA9-001D79AA5E05}.Release|Any CPU.Build.0 = Release|Any CPU
		{C17010DE-6908-4AFE-B222-3792F03BEA29}.Debug|Any CPU.ActiveCfg = Debug|Any CPU
		{C17010DE-6908-4AFE-B222-3792F03BEA29}.Debug|Any CPU.Build.0 = Debug|Any CPU
		{C17010DE-6908-4AFE-B222-3792F03BEA29}.Release|Any CPU.ActiveCfg = Release|Any CPU
		{C17010DE-6908-4AFE-B222-3792F03BEA29}.Release|Any CPU.Build.0 = Release|Any CPU
		{ACF895AD-5397-4B73-83F3-05F07BEDB04A}.Debug|Any CPU.ActiveCfg = Debug|Any CPU
		{ACF895AD-5397-4B73-83F3-05F07BEDB04A}.Debug|Any CPU.Build.0 = Debug|Any CPU
		{ACF895AD-5397-4B73-83F3-05F07BEDB04A}.Release|Any CPU.ActiveCfg = Release|Any CPU
		{ACF895AD-5397-4B73-83F3-05F07BEDB04A}.Release|Any CPU.Build.0 = Release|Any CPU
	EndGlobalSection
	GlobalSection(SolutionProperties) = preSolution
		HideSolutionNode = FALSE
	EndGlobalSection
	GlobalSection(ExtensibilityGlobals) = postSolution
		SolutionGuid = {F1C232DD-45BC-4164-9551-E769C923F8F9}
	EndGlobalSection
EndGlobal
